
Microsoft Visual Studio Solution File, Format Version 12.00
Project("{FAE04EC0-301F-11D3-BF4B-00C04F79EFBC}") = "TI_Lab2", "TI_Lab2\TI_Lab2.csproj", "{F180DBF3-AF60-49F8-9E0F-ADFBDA847324}"
EndProject
Global
	GlobalSection(SolutionConfigurationPlatforms) = preSolution
		Debug|Any CPU = Debug|Any CPU
		Release|Any CPU = Release|Any CPU
	EndGlobalSection
	GlobalSection(ProjectConfigurationPlatforms) = postSolution
		{F180DBF3-AF60-49F8-9E0F-ADFBDA847324}.Debug|Any CPU.ActiveCfg = Debug|Any CPU
		{F180DBF3-AF60-49F8-9E0F-ADFBDA847324}.Debug|Any CPU.Build.0 = Debug|Any CPU
		{F180DBF3-AF60-49F8-9E0F-ADFBDA847324}.Release|Any CPU.ActiveCfg = Release|Any CPU
		{F180DBF3-AF60-49F8-9E0F-ADFBDA847324}.Release|Any CPU.Build.0 = Release|Any CPU
	EndGlobalSection
EndGlobal
